# This file was autogenerated by Stack.
# You should not edit this file by hand.
# For more information, please see the documentation at:
#   https://docs.haskellstack.org/en/stable/lock_files

packages:
- completed:
    hackage: morley-prelude-0.4.0@sha256:7234db1acac9a5554d01bdbf22d63b598c69b9fefaeace0fb6f765bf7bf738d4,2176
    pantry-tree:
      size: 269
      sha256: 5ef63d068139d79b4bd5832822447ee0a9313da368c70245a79b13e1bc44a2dd
  original:
    hackage: morley-prelude-0.4.0
- completed:
    hackage: hex-text-0.1.0.0@sha256:abda1204c93d7d2c272088876eacd1de9bb9bf9adaaaa23ed32ac232a8436252,1139
    pantry-tree:
      size: 314
      sha256: 3a5b60f43c0dc4c3d5db342e23fded691065abd316af6124c8c55973367a4ef4
  original:
    hackage: hex-text-0.1.0.0
- completed:
    hackage: named-0.3.0.1@sha256:418543272f0c844a77639b05276ee3906d5f305cd4cab46fafcb4f15b7f1e60d,2312
    pantry-tree:
      size: 426
      sha256: fd87deccfb910d6351dd1647f2e8a9f9302cbbe9cbd357466a426606909f8295
  original:
    hackage: named-0.3.0.1
- completed:
    hackage: show-type-0.1.1@sha256:24f681a3481b3f9630e619d816054804ba1bd6cc05b5978ddd2cece8499ff2fa,1154
    pantry-tree:
      size: 214
      sha256: c07e39492e0b8da34f87b3f7516f7739d60543013e7f22bc7db0dbe99eb57540
  original:
    hackage: show-type-0.1.1
- completed:
    name: base-noprelude
    version: 4.14.1.0
    git: https://github.com/serokell/base-noprelude.git
    pantry-tree:
      size: 823
      sha256: be322fd116817b527a3a391ba3c24d9252e4f03fd5b1b6abb815ccc78218e50f
    commit: 87df0899801dcdffd08ef7c3efd3c63e67e623c2
  original:
    git: https://github.com/serokell/base-noprelude.git
    commit: 87df0899801dcdffd08ef7c3efd3c63e67e623c2
- completed:
    name: galois-field
    version: 1.0.4
    git: https://github.com/serokell/galois-field.git
    pantry-tree:
      size: 4657
      sha256: 1c5f35fa2f128d1341fffb29300ebc09f2ac463220bf76425fe12ffc2d171d48
    commit: 576ba98ec947370835a1f308895037c7aa7f8b71
  original:
    git: https://github.com/serokell/galois-field.git
    commit: 576ba98ec947370835a1f308895037c7aa7f8b71
- completed:
    name: elliptic-curve
    version: 0.3.1
    git: https://github.com/serokell/elliptic-curve.git
    pantry-tree:
      size: 12030
      sha256: f4f032b7ef9a23afbd65a765e3a335ec8cdd219a5dfe6ee276f72e15d644a0fd
    commit: b8a3d0cf8f7bacfed77dc3b697f5d08bd33396a8
  original:
    git: https://github.com/serokell/elliptic-curve.git
    commit: b8a3d0cf8f7bacfed77dc3b697f5d08bd33396a8
- completed:
    name: pairing
    version: 1.1.0
    git: https://github.com/serokell/pairing.git
    pantry-tree:
      size: 8733
      sha256: cc187e182595c780607ec09e1f01e7d85fbb901c2e04d8c6331e65851aa878c7
    commit: cf86cf1f6b03f478a439703b050c520a9d455353
  original:
    git: https://github.com/serokell/pairing.git
    commit: cf86cf1f6b03f478a439703b050c520a9d455353
- completed:
    subdir: code/morley
    name: morley
    version: 1.14.0
    git: https://gitlab.com/morley-framework/morley.git
    pantry-tree:
      size: 9714
      sha256: 6d8aa305476a17563279f2bee5da0c58e181b1c03aa91adc57434a549aa24283
    commit: ac7d485d35a81fe60658447e68710ac62b3f34ad
  original:
    subdir: code/morley
    git: https://gitlab.com/morley-framework/morley.git
    commit: ac7d485d35a81fe60658447e68710ac62b3f34ad
- completed:
    subdir: code/lorentz
    name: lorentz
    version: 0.11.0
    git: https://gitlab.com/morley-framework/morley.git
    pantry-tree:
      size: 3873
      sha256: 06d4942c0d2232b15f417bbc115e91e77afd595b38a799cd3b10698183997548
    commit: ac7d485d35a81fe60658447e68710ac62b3f34ad
  original:
    subdir: code/lorentz
    git: https://gitlab.com/morley-framework/morley.git
    commit: ac7d485d35a81fe60658447e68710ac62b3f34ad
snapshots:
- completed:
    size: 563099
    url: https://raw.githubusercontent.com/commercialhaskell/stackage-snapshots/master/lts/17/3.yaml
    sha256: 1e9f31ec160a144f796bc49b91dfc2bab5eca88b1dcc93da569108febaf5b382
  original: lts-17.3
